{
  "version": 4,
  "terraform_version": "1.13.2",
  "serial": 1217,
  "lineage": "2f246eed-5de7-1dfd-107f-7a5876c15e41",
  "outputs": {
    "lb_dns_name": {
      "value": "Loadbalancer-1796193682.eu-central-1.elb.amazonaws.com",
      "type": "string"
    }
  },
  "resources": [
    {
      "mode": "data",
      "type": "aws_ami",
      "name": "amznl2",
      "provider": "provider[\"registry.terraform.io/hashicorp/aws\"]",
      "instances": [
        {
          "schema_version": 0,
          "attributes": {
            "architecture": "x86_64",
            "arn": "arn:aws:ec2:eu-central-1::image/ami-0a88743759c81c37e",
            "block_device_mappings": [
              {
                "device_name": "/dev/xvda",
                "ebs": {
                  "delete_on_termination": "true",
                  "encrypted": "false",
                  "iops": "0",
                  "snapshot_id": "snap-013bd72a389d45651",
                  "throughput": "0",
                  "volume_size": "8",
                  "volume_type": "gp2"
                },
                "no_device": "",
                "virtual_name": ""
              }
            ],
            "boot_mode": "",
            "creation_date": "2025-09-10T19:04:05.000Z",
            "deprecation_time": "2025-12-09T19:04:00.000Z",
            "description": "Amazon Linux 2 AMI 2.0.20250915.0 x86_64 HVM gp2",
            "ena_support": true,
            "executable_users": null,
            "filter": [
              {
                "name": "name",
                "values": [
                  "amzn2-ami-hvm-*-x86_64-gp2"
                ]
              }
            ],
            "hypervisor": "xen",
            "id": "ami-0a88743759c81c37e",
            "image_id": "ami-0a88743759c81c37e",
            "image_location": "amazon/amzn2-ami-hvm-2.0.20250915.0-x86_64-gp2",
            "image_owner_alias": "amazon",
            "image_type": "machine",
            "imds_support": "",
            "include_deprecated": false,
            "kernel_id": "",
            "most_recent": true,
            "name": "amzn2-ami-hvm-2.0.20250915.0-x86_64-gp2",
            "name_regex": null,
            "owner_id": "137112412989",
            "owners": [
              "amazon"
            ],
            "platform": "",
            "platform_details": "Linux/UNIX",
            "product_codes": [],
            "public": true,
            "ramdisk_id": "",
            "root_device_name": "/dev/xvda",
            "root_device_type": "ebs",
            "root_snapshot_id": "snap-013bd72a389d45651",
            "sriov_net_support": "simple",
            "state": "available",
            "state_reason": {
              "code": "UNSET",
              "message": "UNSET"
            },
            "tags": {},
            "timeouts": null,
            "tpm_support": "",
            "usage_operation": "RunInstances",
            "virtualization_type": "hvm"
          },
          "sensitive_attributes": [],
          "identity_schema_version": 0
        }
      ]
    },
    {
      "mode": "managed",
      "type": "aws_db_instance",
      "name": "database",
      "provider": "provider[\"registry.terraform.io/hashicorp/aws\"]",
      "instances": [
        {
          "schema_version": 2,
          "attributes": {
            "address": "mydb.cnsowymaalc7.eu-central-1.rds.amazonaws.com",
            "allocated_storage": 20,
            "allow_major_version_upgrade": null,
            "apply_immediately": false,
            "arn": "arn:aws:rds:eu-central-1:771355239277:db:mydb",
            "auto_minor_version_upgrade": true,
            "availability_zone": "eu-central-1b",
            "backup_retention_period": 0,
            "backup_target": "region",
            "backup_window": "20:28-20:58",
            "blue_green_update": [],
            "ca_cert_identifier": "rds-ca-rsa2048-g1",
            "character_set_name": "",
            "copy_tags_to_snapshot": false,
            "custom_iam_instance_profile": "",
            "customer_owned_ip_enabled": false,
            "db_name": "Webappdb",
            "db_subnet_group_name": "db-subnet",
            "delete_automated_backups": true,
            "deletion_protection": false,
            "domain": "",
            "domain_auth_secret_arn": "",
            "domain_dns_ips": null,
            "domain_fqdn": "",
            "domain_iam_role_name": "",
            "domain_ou": "",
            "enabled_cloudwatch_logs_exports": null,
            "endpoint": "mydb.cnsowymaalc7.eu-central-1.rds.amazonaws.com:3306",
            "engine": "mysql",
            "engine_version": "8.0.42",
            "engine_version_actual": "8.0.42",
            "final_snapshot_identifier": null,
            "hosted_zone_id": "Z1RLNUO7B9Q6NB",
            "iam_database_authentication_enabled": false,
            "id": "db-K2A476Y2T54EHPDIEWZASIRXA4",
            "identifier": "mydb",
            "identifier_prefix": "",
            "instance_class": "db.t3.micro",
            "iops": 0,
            "kms_key_id": "",
            "latest_restorable_time": "",
            "license_model": "general-public-license",
            "listener_endpoint": [],
            "maintenance_window": "sat:03:18-sat:03:48",
            "manage_master_user_password": null,
            "master_user_secret": [],
            "master_user_secret_kms_key_id": null,
            "max_allocated_storage": 0,
            "monitoring_interval": 0,
            "monitoring_role_arn": "",
            "multi_az": false,
            "nchar_character_set_name": "",
            "network_type": "IPV4",
            "option_group_name": "default:mysql-8-0",
            "parameter_group_name": "default.mysql8.0",
            "password": "Password",
            "performance_insights_enabled": false,
            "performance_insights_kms_key_id": "",
            "performance_insights_retention_period": 0,
            "port": 3306,
            "publicly_accessible": false,
            "replica_mode": "",
            "replicas": [],
            "replicate_source_db": "",
            "resource_id": "db-K2A476Y2T54EHPDIEWZASIRXA4",
            "restore_to_point_in_time": [],
            "s3_import": [],
            "skip_final_snapshot": true,
            "snapshot_identifier": null,
            "status": "available",
            "storage_encrypted": false,
            "storage_throughput": 0,
            "storage_type": "gp2",
            "tags": null,
            "tags_all": {},
            "timeouts": null,
            "timezone": "",
            "username": "admin",
            "vpc_security_group_ids": [
              "sg-0a9caf7555fcb1b04"
            ]
          },
          "sensitive_attributes": [
            [
              {
                "type": "get_attr",
                "value": "password"
              }
            ]
          ],
          "identity_schema_version": 0,
          "private": "eyJlMmJmYjczMC1lY2FhLTExZTYtOGY4OC0zNDM2M2JjN2M0YzAiOnsiY3JlYXRlIjoyNDAwMDAwMDAwMDAwLCJkZWxldGUiOjM2MDAwMDAwMDAwMDAsInVwZGF0ZSI6NDgwMDAwMDAwMDAwMH0sInNjaGVtYV92ZXJzaW9uIjoiMiJ9",
          "dependencies": [
            "aws_db_subnet_group.db-subnet",
            "aws_security_group.Database-SG",
            "aws_subnet.Subnet_Web01",
            "aws_subnet.Subnet_Web02",
            "aws_vpc.Innovatech-VPC"
          ]
        }
      ]
    },
    {
      "mode": "managed",
      "type": "aws_db_subnet_group",
      "name": "db-subnet",
      "provider": "provider[\"registry.terraform.io/hashicorp/aws\"]",
      "instances": [
        {
          "schema_version": 0,
          "attributes": {
            "arn": "arn:aws:rds:eu-central-1:771355239277:subgrp:db-subnet",
            "description": "Managed by Terraform",
            "id": "db-subnet",
            "name": "db-subnet",
            "name_prefix": "",
            "subnet_ids": [
              "subnet-0b5e531f71824f20a",
              "subnet-0c10a692b019dc3b4"
            ],
            "supported_network_types": [
              "IPV4"
            ],
            "tags": null,
            "tags_all": {},
            "vpc_id": "vpc-0f02d698984be5bb1"
          },
          "sensitive_attributes": [],
          "identity_schema_version": 0,
          "private": "bnVsbA==",
          "dependencies": [
            "aws_subnet.Subnet_Web01",
            "aws_subnet.Subnet_Web02",
            "aws_vpc.Innovatech-VPC"
          ]
        }
      ]
    },
    {
      "mode": "managed",
      "type": "aws_instance",
      "name": "Webserver01",
      "provider": "provider[\"registry.terraform.io/hashicorp/aws\"]",
      "instances": [
        {
          "schema_version": 1,
          "attributes": {
            "ami": "ami-0a88743759c81c37e",
            "arn": "arn:aws:ec2:eu-central-1:771355239277:instance/i-010a36392f6bff264",
            "associate_public_ip_address": true,
            "availability_zone": "eu-central-1a",
            "capacity_reservation_specification": [
              {
                "capacity_reservation_preference": "open",
                "capacity_reservation_target": []
              }
            ],
            "cpu_core_count": 1,
            "cpu_options": [
              {
                "amd_sev_snp": "",
                "core_count": 1,
                "threads_per_core": 2
              }
            ],
            "cpu_threads_per_core": 2,
            "credit_specification": [
              {
                "cpu_credits": "unlimited"
              }
            ],
            "disable_api_stop": false,
            "disable_api_termination": false,
            "ebs_block_device": [],
            "ebs_optimized": false,
            "enclave_options": [
              {
                "enabled": false
              }
            ],
            "ephemeral_block_device": [],
            "get_password_data": false,
            "hibernation": false,
            "host_id": "",
            "host_resource_group_arn": null,
            "iam_instance_profile": "",
            "id": "i-010a36392f6bff264",
            "instance_initiated_shutdown_behavior": "stop",
            "instance_lifecycle": "",
            "instance_market_options": [],
            "instance_state": "running",
            "instance_type": "t3.micro",
            "ipv6_address_count": 0,
            "ipv6_addresses": [],
            "key_name": "acceskey",
            "launch_template": [],
            "maintenance_options": [
              {
                "auto_recovery": "default"
              }
            ],
            "metadata_options": [
              {
                "http_endpoint": "enabled",
                "http_protocol_ipv6": "disabled",
                "http_put_response_hop_limit": 1,
                "http_tokens": "optional",
                "instance_metadata_tags": "disabled"
              }
            ],
            "monitoring": false,
            "network_interface": [],
            "outpost_arn": "",
            "password_data": "",
            "placement_group": "",
            "placement_partition_number": 0,
            "primary_network_interface_id": "eni-0b8db84ad772833ad",
            "private_dns": "ip-192-168-2-52.eu-central-1.compute.internal",
            "private_dns_name_options": [
              {
                "enable_resource_name_dns_a_record": false,
                "enable_resource_name_dns_aaaa_record": false,
                "hostname_type": "ip-name"
              }
            ],
            "private_ip": "192.168.2.52",
            "public_dns": "",
            "public_ip": "3.79.102.253",
            "root_block_device": [
              {
                "delete_on_termination": true,
                "device_name": "/dev/xvda",
                "encrypted": false,
                "iops": 100,
                "kms_key_id": "",
                "tags": {},
                "tags_all": {},
                "throughput": 0,
                "volume_id": "vol-0a5ee839d88986af8",
                "volume_size": 8,
                "volume_type": "gp2"
              }
            ],
            "secondary_private_ips": [],
            "security_groups": [],
            "source_dest_check": true,
            "spot_instance_request_id": "",
            "subnet_id": "subnet-0b5e531f71824f20a",
            "tags": {
              "Name": "Web01"
            },
            "tags_all": {
              "Name": "Web01"
            },
            "tenancy": "default",
            "timeouts": null,
            "user_data": "c54eff8a835de465f4887d5b97835e70b90e2ad7",
            "user_data_base64": null,
            "user_data_replace_on_change": false,
            "volume_tags": null,
            "vpc_security_group_ids": [
              "sg-03b7cf9452476d6ae",
              "sg-0fe9bb56cd97aa1a2"
            ]
          },
          "sensitive_attributes": [],
          "identity_schema_version": 0,
          "private": "eyJlMmJmYjczMC1lY2FhLTExZTYtOGY4OC0zNDM2M2JjN2M0YzAiOnsiY3JlYXRlIjo2MDAwMDAwMDAwMDAsImRlbGV0ZSI6MTIwMDAwMDAwMDAwMCwicmVhZCI6OTAwMDAwMDAwMDAwLCJ1cGRhdGUiOjYwMDAwMDAwMDAwMH0sInNjaGVtYV92ZXJzaW9uIjoiMSJ9",
          "dependencies": [
            "aws_db_instance.database",
            "aws_db_subnet_group.db-subnet",
            "aws_key_pair.acceskey",
            "aws_security_group.Database-SG",
            "aws_security_group.SSH-Acces",
            "aws_security_group.WebSG",
            "aws_security_group.loadbalancerSG",
            "aws_subnet.Subnet_Web01",
            "aws_subnet.Subnet_Web02",
            "aws_vpc.Innovatech-VPC",
            "data.aws_ami.amznl2",
            "tls_private_key.acceskey"
          ]
        }
      ]
    },
    {
      "mode": "managed",
      "type": "aws_instance",
      "name": "webserver02",
      "provider": "provider[\"registry.terraform.io/hashicorp/aws\"]",
      "instances": [
        {
          "schema_version": 1,
          "attributes": {
            "ami": "ami-0a88743759c81c37e",
            "arn": "arn:aws:ec2:eu-central-1:771355239277:instance/i-067320feb76f7d01f",
            "associate_public_ip_address": true,
            "availability_zone": "eu-central-1b",
            "capacity_reservation_specification": [
              {
                "capacity_reservation_preference": "open",
                "capacity_reservation_target": []
              }
            ],
            "cpu_core_count": 1,
            "cpu_options": [
              {
                "amd_sev_snp": "",
                "core_count": 1,
                "threads_per_core": 2
              }
            ],
            "cpu_threads_per_core": 2,
            "credit_specification": [
              {
                "cpu_credits": "unlimited"
              }
            ],
            "disable_api_stop": false,
            "disable_api_termination": false,
            "ebs_block_device": [],
            "ebs_optimized": false,
            "enclave_options": [
              {
                "enabled": false
              }
            ],
            "ephemeral_block_device": [],
            "get_password_data": false,
            "hibernation": false,
            "host_id": "",
            "host_resource_group_arn": null,
            "iam_instance_profile": "",
            "id": "i-067320feb76f7d01f",
            "instance_initiated_shutdown_behavior": "stop",
            "instance_lifecycle": "",
            "instance_market_options": [],
            "instance_state": "running",
            "instance_type": "t3.micro",
            "ipv6_address_count": 0,
            "ipv6_addresses": [],
            "key_name": "acceskey",
            "launch_template": [],
            "maintenance_options": [
              {
                "auto_recovery": "default"
              }
            ],
            "metadata_options": [
              {
                "http_endpoint": "enabled",
                "http_protocol_ipv6": "disabled",
                "http_put_response_hop_limit": 1,
                "http_tokens": "optional",
                "instance_metadata_tags": "disabled"
              }
            ],
            "monitoring": false,
            "network_interface": [],
            "outpost_arn": "",
            "password_data": "",
            "placement_group": "",
            "placement_partition_number": 0,
            "primary_network_interface_id": "eni-0989a1401f6e08a86",
            "private_dns": "ip-192-168-3-78.eu-central-1.compute.internal",
            "private_dns_name_options": [
              {
                "enable_resource_name_dns_a_record": false,
                "enable_resource_name_dns_aaaa_record": false,
                "hostname_type": "ip-name"
              }
            ],
            "private_ip": "192.168.3.78",
            "public_dns": "",
            "public_ip": "54.93.100.46",
            "root_block_device": [
              {
                "delete_on_termination": true,
                "device_name": "/dev/xvda",
                "encrypted": false,
                "iops": 100,
                "kms_key_id": "",
                "tags": {},
                "tags_all": {},
                "throughput": 0,
                "volume_id": "vol-002866246fbfc6e15",
                "volume_size": 8,
                "volume_type": "gp2"
              }
            ],
            "secondary_private_ips": [],
            "security_groups": [],
            "source_dest_check": true,
            "spot_instance_request_id": "",
            "subnet_id": "subnet-0c10a692b019dc3b4",
            "tags": {
              "Name": "Web02"
            },
            "tags_all": {
              "Name": "Web02"
            },
            "tenancy": "default",
            "timeouts": null,
            "user_data": "32c36a8ad734476c261553340ad6506647fb9c09",
            "user_data_base64": null,
            "user_data_replace_on_change": false,
            "volume_tags": null,
            "vpc_security_group_ids": [
              "sg-03b7cf9452476d6ae",
              "sg-0fe9bb56cd97aa1a2"
            ]
          },
          "sensitive_attributes": [],
          "identity_schema_version": 0,
          "private": "eyJlMmJmYjczMC1lY2FhLTExZTYtOGY4OC0zNDM2M2JjN2M0YzAiOnsiY3JlYXRlIjo2MDAwMDAwMDAwMDAsImRlbGV0ZSI6MTIwMDAwMDAwMDAwMCwicmVhZCI6OTAwMDAwMDAwMDAwLCJ1cGRhdGUiOjYwMDAwMDAwMDAwMH0sInNjaGVtYV92ZXJzaW9uIjoiMSJ9",
          "dependencies": [
            "aws_db_instance.database",
            "aws_db_subnet_group.db-subnet",
            "aws_key_pair.acceskey",
            "aws_security_group.Database-SG",
            "aws_security_group.SSH-Acces",
            "aws_security_group.WebSG",
            "aws_security_group.loadbalancerSG",
            "aws_subnet.Subnet_Web01",
            "aws_subnet.Subnet_Web02",
            "aws_vpc.Innovatech-VPC",
            "data.aws_ami.amznl2",
            "tls_private_key.acceskey"
          ]
        }
      ]
    },
    {
      "mode": "managed",
      "type": "aws_internet_gateway",
      "name": "Innovatech-igw",
      "provider": "provider[\"registry.terraform.io/hashicorp/aws\"]",
      "instances": [
        {
          "schema_version": 0,
          "attributes": {
            "arn": "arn:aws:ec2:eu-central-1:771355239277:internet-gateway/igw-0da243bcca8b8d5c8",
            "id": "igw-0da243bcca8b8d5c8",
            "owner_id": "771355239277",
            "tags": null,
            "tags_all": {},
            "timeouts": null,
            "vpc_id": "vpc-0f02d698984be5bb1"
          },
          "sensitive_attributes": [],
          "identity_schema_version": 0,
          "private": "eyJlMmJmYjczMC1lY2FhLTExZTYtOGY4OC0zNDM2M2JjN2M0YzAiOnsiY3JlYXRlIjoxMjAwMDAwMDAwMDAwLCJkZWxldGUiOjEyMDAwMDAwMDAwMDAsInVwZGF0ZSI6MTIwMDAwMDAwMDAwMH19",
          "dependencies": [
            "aws_vpc.Innovatech-VPC"
          ]
        }
      ]
    },
    {
      "mode": "managed",
      "type": "aws_key_pair",
      "name": "acceskey",
      "provider": "provider[\"registry.terraform.io/hashicorp/aws\"]",
      "instances": [
        {
          "schema_version": 1,
          "attributes": {
            "arn": "arn:aws:ec2:eu-central-1:771355239277:key-pair/acceskey",
            "fingerprint": "5b:52:4f:0b:cb:ef:4f:38:67:d0:13:53:71:19:97:e9",
            "id": "acceskey",
            "key_name": "acceskey",
            "key_name_prefix": "",
            "key_pair_id": "key-0def494c420d25fba",
            "key_type": "rsa",
            "public_key": "ssh-rsa AAAAB3NzaC1yc2EAAAADAQABAAABAQCyNYzKzm3B6l3yACXdXJTq0jilKa95DfDDRQkzXZW4BUO2MqY/LdqMpg3QpoVcm2lUQ8xF/Bjfhd5fiX91riY0blnH05J/GlqVTXhpun0gdONlwVbQPJtdaiNEmGFPpqG4JvutZ530a/9BJ6jN5GFwPkouIK+BiYVPfwNqeDrL5cxTSY6/r9/tugJ6ZQjiCGAMs0MeZbIlCAr5WHWYN74Zu4ubWaMzJrKCdMts+WiSW7tRkGGEesXV64772o14ZtflnPdELccU5l2KtyMXnAXLn1Sd1toKiwnVyZgr+ZW7Y7xpSJL3ZuE5fcAnUyINUPoKIE/HUJ/ppgX4quLVB8MV",
            "tags": null,
            "tags_all": {}
          },
          "sensitive_attributes": [],
          "identity_schema_version": 0,
          "private": "eyJzY2hlbWFfdmVyc2lvbiI6IjEifQ==",
          "dependencies": [
            "tls_private_key.acceskey"
          ]
        }
      ]
    },
    {
      "mode": "managed",
      "type": "aws_lb",
      "name": "loadbalancer",
      "provider": "provider[\"registry.terraform.io/hashicorp/aws\"]",
      "instances": [
        {
          "schema_version": 0,
          "attributes": {
            "access_logs": [
              {
                "bucket": "",
                "enabled": false,
                "prefix": ""
              }
            ],
            "arn": "arn:aws:elasticloadbalancing:eu-central-1:771355239277:loadbalancer/app/Loadbalancer/7b0374d65fb0683d",
            "arn_suffix": "app/Loadbalancer/7b0374d65fb0683d",
            "connection_logs": [
              {
                "bucket": "",
                "enabled": false,
                "prefix": ""
              }
            ],
            "customer_owned_ipv4_pool": "",
            "desync_mitigation_mode": "defensive",
            "dns_name": "Loadbalancer-1796193682.eu-central-1.elb.amazonaws.com",
            "dns_record_client_routing_policy": null,
            "drop_invalid_header_fields": false,
            "enable_cross_zone_load_balancing": true,
            "enable_deletion_protection": false,
            "enable_http2": true,
            "enable_tls_version_and_cipher_suite_headers": false,
            "enable_waf_fail_open": false,
            "enable_xff_client_port": false,
            "enforce_security_group_inbound_rules_on_private_link_traffic": "",
            "id": "arn:aws:elasticloadbalancing:eu-central-1:771355239277:loadbalancer/app/Loadbalancer/7b0374d65fb0683d",
            "idle_timeout": 60,
            "internal": false,
            "ip_address_type": "ipv4",
            "load_balancer_type": "application",
            "name": "Loadbalancer",
            "name_prefix": "",
            "preserve_host_header": false,
            "security_groups": [
              "sg-0ba689eb60f1a0ec8"
            ],
            "subnet_mapping": [
              {
                "allocation_id": "",
                "ipv6_address": "",
                "outpost_id": "",
                "private_ipv4_address": "",
                "subnet_id": "subnet-0b5e531f71824f20a"
              },
              {
                "allocation_id": "",
                "ipv6_address": "",
                "outpost_id": "",
                "private_ipv4_address": "",
                "subnet_id": "subnet-0c10a692b019dc3b4"
              }
            ],
            "subnets": [
              "subnet-0b5e531f71824f20a",
              "subnet-0c10a692b019dc3b4"
            ],
            "tags": null,
            "tags_all": {},
            "timeouts": null,
            "vpc_id": "vpc-0f02d698984be5bb1",
            "xff_header_processing_mode": "append",
            "zone_id": "Z215JYRZR1TBD5"
          },
          "sensitive_attributes": [],
          "identity_schema_version": 0,
          "private": "eyJlMmJmYjczMC1lY2FhLTExZTYtOGY4OC0zNDM2M2JjN2M0YzAiOnsiY3JlYXRlIjo2MDAwMDAwMDAwMDAsImRlbGV0ZSI6NjAwMDAwMDAwMDAwLCJ1cGRhdGUiOjYwMDAwMDAwMDAwMH19",
          "dependencies": [
            "aws_security_group.loadbalancerSG",
            "aws_subnet.Subnet_Web01",
            "aws_subnet.Subnet_Web02",
            "aws_vpc.Innovatech-VPC"
          ]
        }
      ]
    },
    {
      "mode": "managed",
      "type": "aws_lb_listener",
      "name": "http",
      "provider": "provider[\"registry.terraform.io/hashicorp/aws\"]",
      "instances": [
        {
          "schema_version": 0,
          "attributes": {
            "alpn_policy": null,
            "arn": "arn:aws:elasticloadbalancing:eu-central-1:771355239277:listener/app/Loadbalancer/7b0374d65fb0683d/08ef254500674c1d",
            "certificate_arn": null,
            "default_action": [
              {
                "authenticate_cognito": [],
                "authenticate_oidc": [],
                "fixed_response": [],
                "forward": [],
                "order": 1,
                "redirect": [],
                "target_group_arn": "arn:aws:elasticloadbalancing:eu-central-1:771355239277:targetgroup/LoadbalancerTG/040ce85ff524b351",
                "type": "forward"
              }
            ],
            "id": "arn:aws:elasticloadbalancing:eu-central-1:771355239277:listener/app/Loadbalancer/7b0374d65fb0683d/08ef254500674c1d",
            "load_balancer_arn": "arn:aws:elasticloadbalancing:eu-central-1:771355239277:loadbalancer/app/Loadbalancer/7b0374d65fb0683d",
            "mutual_authentication": [],
            "port": 80,
            "protocol": "HTTP",
            "ssl_policy": "",
            "tags": null,
            "tags_all": {},
            "timeouts": null
          },
          "sensitive_attributes": [],
          "identity_schema_version": 0,
          "private": "eyJlMmJmYjczMC1lY2FhLTExZTYtOGY4OC0zNDM2M2JjN2M0YzAiOnsiY3JlYXRlIjozMDAwMDAwMDAwMDAsInVwZGF0ZSI6MzAwMDAwMDAwMDAwfX0=",
          "dependencies": [
            "aws_lb.loadbalancer",
            "aws_lb_target_group.LoadbalancerTG",
            "aws_security_group.loadbalancerSG",
            "aws_subnet.Subnet_Web01",
            "aws_subnet.Subnet_Web02",
            "aws_vpc.Innovatech-VPC"
          ]
        }
      ]
    },
    {
      "mode": "managed",
      "type": "aws_lb_target_group",
      "name": "LoadbalancerTG",
      "provider": "provider[\"registry.terraform.io/hashicorp/aws\"]",
      "instances": [
        {
          "schema_version": 0,
          "attributes": {
            "arn": "arn:aws:elasticloadbalancing:eu-central-1:771355239277:targetgroup/LoadbalancerTG/040ce85ff524b351",
            "arn_suffix": "targetgroup/LoadbalancerTG/040ce85ff524b351",
            "connection_termination": null,
            "deregistration_delay": "300",
            "health_check": [
              {
                "enabled": true,
                "healthy_threshold": 3,
                "interval": 30,
                "matcher": "200-399",
                "path": "/",
                "port": "traffic-port",
                "protocol": "HTTP",
                "timeout": 5,
                "unhealthy_threshold": 3
              }
            ],
            "id": "arn:aws:elasticloadbalancing:eu-central-1:771355239277:targetgroup/LoadbalancerTG/040ce85ff524b351",
            "ip_address_type": "ipv4",
            "lambda_multi_value_headers_enabled": false,
            "load_balancer_arns": [],
            "load_balancing_algorithm_type": "round_robin",
            "load_balancing_anomaly_mitigation": "off",
            "load_balancing_cross_zone_enabled": "use_load_balancer_configuration",
            "name": "LoadbalancerTG",
            "name_prefix": "",
            "port": 80,
            "preserve_client_ip": null,
            "protocol": "HTTP",
            "protocol_version": "HTTP1",
            "proxy_protocol_v2": false,
            "slow_start": 0,
            "stickiness": [
              {
                "cookie_duration": 86400,
                "cookie_name": "",
                "enabled": false,
                "type": "lb_cookie"
              }
            ],
            "tags": null,
            "tags_all": {},
            "target_failover": [
              {
                "on_deregistration": null,
                "on_unhealthy": null
              }
            ],
            "target_health_state": [
              {
                "enable_unhealthy_connection_termination": null
              }
            ],
            "target_type": "instance",
            "vpc_id": "vpc-0f02d698984be5bb1"
          },
          "sensitive_attributes": [],
          "identity_schema_version": 0,
          "private": "bnVsbA==",
          "dependencies": [
            "aws_vpc.Innovatech-VPC"
          ]
        }
      ]
    },
    {
      "mode": "managed",
      "type": "aws_lb_target_group_attachment",
      "name": "Web01",
      "provider": "provider[\"registry.terraform.io/hashicorp/aws\"]",
      "instances": [
        {
          "schema_version": 0,
          "attributes": {
            "availability_zone": null,
            "id": "arn:aws:elasticloadbalancing:eu-central-1:771355239277:targetgroup/LoadbalancerTG/040ce85ff524b351-20250925085425256400000006",
            "port": 80,
            "target_group_arn": "arn:aws:elasticloadbalancing:eu-central-1:771355239277:targetgroup/LoadbalancerTG/040ce85ff524b351",
            "target_id": "i-010a36392f6bff264"
          },
          "sensitive_attributes": [],
          "identity_schema_version": 0,
          "private": "bnVsbA==",
          "dependencies": [
            "aws_db_instance.database",
            "aws_db_subnet_group.db-subnet",
            "aws_instance.Webserver01",
            "aws_key_pair.acceskey",
            "aws_lb_target_group.LoadbalancerTG",
            "aws_security_group.Database-SG",
            "aws_security_group.SSH-Acces",
            "aws_security_group.WebSG",
            "aws_security_group.loadbalancerSG",
            "aws_subnet.Subnet_Web01",
            "aws_subnet.Subnet_Web02",
            "aws_vpc.Innovatech-VPC",
            "data.aws_ami.amznl2",
            "tls_private_key.acceskey"
          ]
        }
      ]
    },
    {
      "mode": "managed",
      "type": "aws_lb_target_group_attachment",
      "name": "Web02",
      "provider": "provider[\"registry.terraform.io/hashicorp/aws\"]",
      "instances": [
        {
          "schema_version": 0,
          "attributes": {
            "availability_zone": null,
            "id": "arn:aws:elasticloadbalancing:eu-central-1:771355239277:targetgroup/LoadbalancerTG/040ce85ff524b351-20250925085425133000000005",
            "port": 80,
            "target_group_arn": "arn:aws:elasticloadbalancing:eu-central-1:771355239277:targetgroup/LoadbalancerTG/040ce85ff524b351",
            "target_id": "i-067320feb76f7d01f"
          },
          "sensitive_attributes": [],
          "identity_schema_version": 0,
          "private": "bnVsbA==",
          "dependencies": [
            "aws_db_instance.database",
            "aws_db_subnet_group.db-subnet",
            "aws_instance.webserver02",
            "aws_key_pair.acceskey",
            "aws_lb_target_group.LoadbalancerTG",
            "aws_security_group.Database-SG",
            "aws_security_group.SSH-Acces",
            "aws_security_group.WebSG",
            "aws_security_group.loadbalancerSG",
            "aws_subnet.Subnet_Web01",
            "aws_subnet.Subnet_Web02",
            "aws_vpc.Innovatech-VPC",
            "data.aws_ami.amznl2",
            "tls_private_key.acceskey"
          ]
        }
      ]
    },
    {
      "mode": "managed",
      "type": "aws_route_table",
      "name": "public-rt",
      "provider": "provider[\"registry.terraform.io/hashicorp/aws\"]",
      "instances": [
        {
          "schema_version": 0,
          "attributes": {
            "arn": "arn:aws:ec2:eu-central-1:771355239277:route-table/rtb-0ebafafaf90276a90",
            "id": "rtb-0ebafafaf90276a90",
            "owner_id": "771355239277",
            "propagating_vgws": [],
            "route": [
              {
                "carrier_gateway_id": "",
                "cidr_block": "0.0.0.0/0",
                "core_network_arn": "",
                "destination_prefix_list_id": "",
                "egress_only_gateway_id": "",
                "gateway_id": "igw-0da243bcca8b8d5c8",
                "ipv6_cidr_block": "",
                "local_gateway_id": "",
                "nat_gateway_id": "",
                "network_interface_id": "",
                "transit_gateway_id": "",
                "vpc_endpoint_id": "",
                "vpc_peering_connection_id": ""
              }
            ],
            "tags": null,
            "tags_all": {},
            "timeouts": null,
            "vpc_id": "vpc-0f02d698984be5bb1"
          },
          "sensitive_attributes": [],
          "identity_schema_version": 0,
          "private": "eyJlMmJmYjczMC1lY2FhLTExZTYtOGY4OC0zNDM2M2JjN2M0YzAiOnsiY3JlYXRlIjozMDAwMDAwMDAwMDAsImRlbGV0ZSI6MzAwMDAwMDAwMDAwLCJ1cGRhdGUiOjEyMDAwMDAwMDAwMH19",
          "dependencies": [
            "aws_internet_gateway.Innovatech-igw",
            "aws_vpc.Innovatech-VPC"
          ]
        }
      ]
    },
    {
      "mode": "managed",
      "type": "aws_route_table_association",
      "name": "a",
      "provider": "provider[\"registry.terraform.io/hashicorp/aws\"]",
      "instances": [
        {
          "schema_version": 0,
          "attributes": {
            "gateway_id": "",
            "id": "rtbassoc-01bb1a7be1efade5e",
            "route_table_id": "rtb-0ebafafaf90276a90",
            "subnet_id": "subnet-0b5e531f71824f20a",
            "timeouts": null
          },
          "sensitive_attributes": [],
          "identity_schema_version": 0,
          "private": "eyJlMmJmYjczMC1lY2FhLTExZTYtOGY4OC0zNDM2M2JjN2M0YzAiOnsiY3JlYXRlIjozMDAwMDAwMDAwMDAsImRlbGV0ZSI6MzAwMDAwMDAwMDAwLCJ1cGRhdGUiOjEyMDAwMDAwMDAwMH19",
          "dependencies": [
            "aws_internet_gateway.Innovatech-igw",
            "aws_route_table.public-rt",
            "aws_subnet.Subnet_Web01",
            "aws_vpc.Innovatech-VPC"
          ]
        }
      ]
    },
    {
      "mode": "managed",
      "type": "aws_route_table_association",
      "name": "b",
      "provider": "provider[\"registry.terraform.io/hashicorp/aws\"]",
      "instances": [
        {
          "schema_version": 0,
          "attributes": {
            "gateway_id": "",
            "id": "rtbassoc-0a9d66de428c0eae7",
            "route_table_id": "rtb-0ebafafaf90276a90",
            "subnet_id": "subnet-0c10a692b019dc3b4",
            "timeouts": null
          },
          "sensitive_attributes": [],
          "identity_schema_version": 0,
          "private": "eyJlMmJmYjczMC1lY2FhLTExZTYtOGY4OC0zNDM2M2JjN2M0YzAiOnsiY3JlYXRlIjozMDAwMDAwMDAwMDAsImRlbGV0ZSI6MzAwMDAwMDAwMDAwLCJ1cGRhdGUiOjEyMDAwMDAwMDAwMH19",
          "dependencies": [
            "aws_internet_gateway.Innovatech-igw",
            "aws_route_table.public-rt",
            "aws_subnet.Subnet_Web02",
            "aws_vpc.Innovatech-VPC"
          ]
        }
      ]
    },
    {
      "mode": "managed",
      "type": "aws_security_group",
      "name": "Database-SG",
      "provider": "provider[\"registry.terraform.io/hashicorp/aws\"]",
      "instances": [
        {
          "schema_version": 1,
          "attributes": {
            "arn": "arn:aws:ec2:eu-central-1:771355239277:security-group/sg-0a9caf7555fcb1b04",
            "description": "Managed by Terraform",
            "egress": [
              {
                "cidr_blocks": [
                  "0.0.0.0/0"
                ],
                "description": "",
                "from_port": 0,
                "ipv6_cidr_blocks": [],
                "prefix_list_ids": [],
                "protocol": "-1",
                "security_groups": [],
                "self": false,
                "to_port": 0
              }
            ],
            "id": "sg-0a9caf7555fcb1b04",
            "ingress": [
              {
                "cidr_blocks": [
                  "0.0.0.0/0"
                ],
                "description": "",
                "from_port": 3306,
                "ipv6_cidr_blocks": [],
                "prefix_list_ids": [],
                "protocol": "tcp",
                "security_groups": [],
                "self": false,
                "to_port": 3306
              }
            ],
            "name": "terraform-20250925085017317900000001",
            "name_prefix": "terraform-",
            "owner_id": "771355239277",
            "revoke_rules_on_delete": false,
            "tags": null,
            "tags_all": {},
            "timeouts": null,
            "vpc_id": "vpc-0f02d698984be5bb1"
          },
          "sensitive_attributes": [],
          "identity_schema_version": 0,
          "private": "eyJlMmJmYjczMC1lY2FhLTExZTYtOGY4OC0zNDM2M2JjN2M0YzAiOnsiY3JlYXRlIjo2MDAwMDAwMDAwMDAsImRlbGV0ZSI6OTAwMDAwMDAwMDAwfSwic2NoZW1hX3ZlcnNpb24iOiIxIn0=",
          "dependencies": [
            "aws_vpc.Innovatech-VPC"
          ]
        }
      ]
    },
    {
      "mode": "managed",
      "type": "aws_security_group",
      "name": "SSH-Acces",
      "provider": "provider[\"registry.terraform.io/hashicorp/aws\"]",
      "instances": [
        {
          "schema_version": 1,
          "attributes": {
            "arn": "arn:aws:ec2:eu-central-1:771355239277:security-group/sg-03b7cf9452476d6ae",
            "description": "Allow connection on port 22",
            "egress": [
              {
                "cidr_blocks": [
                  "0.0.0.0/0"
                ],
                "description": "",
                "from_port": 0,
                "ipv6_cidr_blocks": [],
                "prefix_list_ids": [],
                "protocol": "-1",
                "security_groups": [],
                "self": false,
                "to_port": 0
              }
            ],
            "id": "sg-03b7cf9452476d6ae",
            "ingress": [
              {
                "cidr_blocks": [
                  "0.0.0.0/0"
                ],
                "description": "",
                "from_port": 22,
                "ipv6_cidr_blocks": [],
                "prefix_list_ids": [],
                "protocol": "tcp",
                "security_groups": [],
                "self": false,
                "to_port": 22
              }
            ],
            "name": "Allow-SSH",
            "name_prefix": "",
            "owner_id": "771355239277",
            "revoke_rules_on_delete": false,
            "tags": {
              "Name": "AllowSSHSG"
            },
            "tags_all": {
              "Name": "AllowSSHSG"
            },
            "timeouts": null,
            "vpc_id": "vpc-0f02d698984be5bb1"
          },
          "sensitive_attributes": [],
          "identity_schema_version": 0,
          "private": "eyJlMmJmYjczMC1lY2FhLTExZTYtOGY4OC0zNDM2M2JjN2M0YzAiOnsiY3JlYXRlIjo2MDAwMDAwMDAwMDAsImRlbGV0ZSI6OTAwMDAwMDAwMDAwfSwic2NoZW1hX3ZlcnNpb24iOiIxIn0=",
          "dependencies": [
            "aws_vpc.Innovatech-VPC"
          ]
        }
      ]
    },
    {
      "mode": "managed",
      "type": "aws_security_group",
      "name": "WebSG",
      "provider": "provider[\"registry.terraform.io/hashicorp/aws\"]",
      "instances": [
        {
          "schema_version": 1,
          "attributes": {
            "arn": "arn:aws:ec2:eu-central-1:771355239277:security-group/sg-0fe9bb56cd97aa1a2",
            "description": "Allow HTTP from loadbalancer",
            "egress": [
              {
                "cidr_blocks": [
                  "0.0.0.0/0"
                ],
                "description": "",
                "from_port": 0,
                "ipv6_cidr_blocks": [],
                "prefix_list_ids": [],
                "protocol": "-1",
                "security_groups": [],
                "self": false,
                "to_port": 0
              }
            ],
            "id": "sg-0fe9bb56cd97aa1a2",
            "ingress": [
              {
                "cidr_blocks": [],
                "description": "",
                "from_port": 80,
                "ipv6_cidr_blocks": [],
                "prefix_list_ids": [],
                "protocol": "tcp",
                "security_groups": [
                  "sg-0ba689eb60f1a0ec8"
                ],
                "self": false,
                "to_port": 80
              }
            ],
            "name": "WebSG",
            "name_prefix": "",
            "owner_id": "771355239277",
            "revoke_rules_on_delete": false,
            "tags": null,
            "tags_all": {},
            "timeouts": null,
            "vpc_id": "vpc-0f02d698984be5bb1"
          },
          "sensitive_attributes": [],
          "identity_schema_version": 0,
          "private": "eyJlMmJmYjczMC1lY2FhLTExZTYtOGY4OC0zNDM2M2JjN2M0YzAiOnsiY3JlYXRlIjo2MDAwMDAwMDAwMDAsImRlbGV0ZSI6OTAwMDAwMDAwMDAwfSwic2NoZW1hX3ZlcnNpb24iOiIxIn0=",
          "dependencies": [
            "aws_security_group.loadbalancerSG",
            "aws_vpc.Innovatech-VPC"
          ]
        }
      ]
    },
    {
      "mode": "managed",
      "type": "aws_security_group",
      "name": "loadbalancerSG",
      "provider": "provider[\"registry.terraform.io/hashicorp/aws\"]",
      "instances": [
        {
          "schema_version": 1,
          "attributes": {
            "arn": "arn:aws:ec2:eu-central-1:771355239277:security-group/sg-0ba689eb60f1a0ec8",
            "description": "Allow HTTP from internet",
            "egress": [
              {
                "cidr_blocks": [
                  "0.0.0.0/0"
                ],
                "description": "",
                "from_port": 0,
                "ipv6_cidr_blocks": [],
                "prefix_list_ids": [],
                "protocol": "-1",
                "security_groups": [],
                "self": false,
                "to_port": 0
              }
            ],
            "id": "sg-0ba689eb60f1a0ec8",
            "ingress": [
              {
                "cidr_blocks": [
                  "0.0.0.0/0"
                ],
                "description": "",
                "from_port": 80,
                "ipv6_cidr_blocks": [],
                "prefix_list_ids": [],
                "protocol": "tcp",
                "security_groups": [],
                "self": false,
                "to_port": 80
              }
            ],
            "name": "loadbalancerSG",
            "name_prefix": "",
            "owner_id": "771355239277",
            "revoke_rules_on_delete": false,
            "tags": null,
            "tags_all": {},
            "timeouts": null,
            "vpc_id": "vpc-0f02d698984be5bb1"
          },
          "sensitive_attributes": [],
          "identity_schema_version": 0,
          "private": "eyJlMmJmYjczMC1lY2FhLTExZTYtOGY4OC0zNDM2M2JjN2M0YzAiOnsiY3JlYXRlIjo2MDAwMDAwMDAwMDAsImRlbGV0ZSI6OTAwMDAwMDAwMDAwfSwic2NoZW1hX3ZlcnNpb24iOiIxIn0=",
          "dependencies": [
            "aws_vpc.Innovatech-VPC"
          ]
        }
      ]
    },
    {
      "mode": "managed",
      "type": "aws_subnet",
      "name": "Subnet_Web01",
      "provider": "provider[\"registry.terraform.io/hashicorp/aws\"]",
      "instances": [
        {
          "schema_version": 1,
          "attributes": {
            "arn": "arn:aws:ec2:eu-central-1:771355239277:subnet/subnet-0b5e531f71824f20a",
            "assign_ipv6_address_on_creation": false,
            "availability_zone": "eu-central-1a",
            "availability_zone_id": "euc1-az2",
            "cidr_block": "192.168.2.0/24",
            "customer_owned_ipv4_pool": "",
            "enable_dns64": false,
            "enable_lni_at_device_index": 0,
            "enable_resource_name_dns_a_record_on_launch": false,
            "enable_resource_name_dns_aaaa_record_on_launch": false,
            "id": "subnet-0b5e531f71824f20a",
            "ipv6_cidr_block": "",
            "ipv6_cidr_block_association_id": "",
            "ipv6_native": false,
            "map_customer_owned_ip_on_launch": false,
            "map_public_ip_on_launch": false,
            "outpost_arn": "",
            "owner_id": "771355239277",
            "private_dns_hostname_type_on_launch": "ip-name",
            "tags": {
              "Name": "Subent_Web01"
            },
            "tags_all": {
              "Name": "Subent_Web01"
            },
            "timeouts": null,
            "vpc_id": "vpc-0f02d698984be5bb1"
          },
          "sensitive_attributes": [],
          "identity_schema_version": 0,
          "private": "eyJlMmJmYjczMC1lY2FhLTExZTYtOGY4OC0zNDM2M2JjN2M0YzAiOnsiY3JlYXRlIjo2MDAwMDAwMDAwMDAsImRlbGV0ZSI6MTIwMDAwMDAwMDAwMH0sInNjaGVtYV92ZXJzaW9uIjoiMSJ9",
          "dependencies": [
            "aws_vpc.Innovatech-VPC"
          ]
        }
      ]
    },
    {
      "mode": "managed",
      "type": "aws_subnet",
      "name": "Subnet_Web02",
      "provider": "provider[\"registry.terraform.io/hashicorp/aws\"]",
      "instances": [
        {
          "schema_version": 1,
          "attributes": {
            "arn": "arn:aws:ec2:eu-central-1:771355239277:subnet/subnet-0c10a692b019dc3b4",
            "assign_ipv6_address_on_creation": false,
            "availability_zone": "eu-central-1b",
            "availability_zone_id": "euc1-az3",
            "cidr_block": "192.168.3.0/24",
            "customer_owned_ipv4_pool": "",
            "enable_dns64": false,
            "enable_lni_at_device_index": 0,
            "enable_resource_name_dns_a_record_on_launch": false,
            "enable_resource_name_dns_aaaa_record_on_launch": false,
            "id": "subnet-0c10a692b019dc3b4",
            "ipv6_cidr_block": "",
            "ipv6_cidr_block_association_id": "",
            "ipv6_native": false,
            "map_customer_owned_ip_on_launch": false,
            "map_public_ip_on_launch": false,
            "outpost_arn": "",
            "owner_id": "771355239277",
            "private_dns_hostname_type_on_launch": "ip-name",
            "tags": {
              "Name": "Subent_Web02"
            },
            "tags_all": {
              "Name": "Subent_Web02"
            },
            "timeouts": null,
            "vpc_id": "vpc-0f02d698984be5bb1"
          },
          "sensitive_attributes": [],
          "identity_schema_version": 0,
          "private": "eyJlMmJmYjczMC1lY2FhLTExZTYtOGY4OC0zNDM2M2JjN2M0YzAiOnsiY3JlYXRlIjo2MDAwMDAwMDAwMDAsImRlbGV0ZSI6MTIwMDAwMDAwMDAwMH0sInNjaGVtYV92ZXJzaW9uIjoiMSJ9",
          "dependencies": [
            "aws_vpc.Innovatech-VPC"
          ]
        }
      ]
    },
    {
      "mode": "managed",
      "type": "aws_vpc",
      "name": "Innovatech-VPC",
      "provider": "provider[\"registry.terraform.io/hashicorp/aws\"]",
      "instances": [
        {
          "schema_version": 1,
          "attributes": {
            "arn": "arn:aws:ec2:eu-central-1:771355239277:vpc/vpc-0f02d698984be5bb1",
            "assign_generated_ipv6_cidr_block": false,
            "cidr_block": "192.168.0.0/16",
            "default_network_acl_id": "acl-030436f42bca85b32",
            "default_route_table_id": "rtb-046622d9f9fc0d388",
            "default_security_group_id": "sg-058e70b922b48a61f",
            "dhcp_options_id": "dopt-04541e6a5852f0bfc",
            "enable_dns_hostnames": false,
            "enable_dns_support": true,
            "enable_network_address_usage_metrics": false,
            "id": "vpc-0f02d698984be5bb1",
            "instance_tenancy": "default",
            "ipv4_ipam_pool_id": null,
            "ipv4_netmask_length": null,
            "ipv6_association_id": "",
            "ipv6_cidr_block": "",
            "ipv6_cidr_block_network_border_group": "",
            "ipv6_ipam_pool_id": "",
            "ipv6_netmask_length": 0,
            "main_route_table_id": "rtb-046622d9f9fc0d388",
            "owner_id": "771355239277",
            "tags": {
              "Name": "Innovatech-VPC"
            },
            "tags_all": {
              "Name": "Innovatech-VPC"
            }
          },
          "sensitive_attributes": [],
          "identity_schema_version": 0,
          "private": "eyJzY2hlbWFfdmVyc2lvbiI6IjEifQ=="
        }
      ]
    },
    {
      "mode": "managed",
      "type": "local_file",
      "name": "private_key",
      "provider": "provider[\"registry.terraform.io/hashicorp/local\"]",
      "instances": [
        {
          "schema_version": 0,
          "attributes": {
            "content": "-----BEGIN RSA PRIVATE KEY-----\nMIIEpAIBAAKCAQEAsjWMys5twepd8gAl3VyU6tI4pSmveQ3ww0UJM12VuAVDtjKm\nPy3ajKYN0KaFXJtpVEPMRfwY34XeX4l/da4mNG5Zx9OSfxpalU14abp9IHTjZcFW\n0DybXWojRJhhT6ahuCb7rWed9Gv/QSeozeRhcD5KLiCvgYmFT38Dang6y+XMU0mO\nv6/f7boCemUI4ghgDLNDHmWyJQgK+Vh1mDe+GbuLm1mjMyaygnTLbPloklu7UZBh\nhHrF1euO+9qNeGbX5Zz3RC3HFOZdircjF5wFy59UndbaCosJ1cmYK/mVu2O8aUiS\n92bhOX3AJ1MiDVD6CiBPx1Cf6aYF+Kri1QfDFQIDAQABAoIBAA1bKZTmkT/MEKPr\nQms7fda2kDPCssnEE3QTF7wviqHK1TcRxzdreJp7dIQbgtm8tRFxbl0dZoDUH+Ux\noSmg9nCOB7EMCIn5n+naL0jfRvL4h7Vv3tGHBU7kPkXtFLf7QVoTo9+saSBxOqV3\nszVRJUNcC8O2w+iVtbXOS2N+pMt0qr8xL2UTPuCr4zbQAlmqBktKceIk82osKeAs\nz2DILHLlj2sp3/kgJ5Ln9Jv1ZpROeFl2y8t9Y3g1+5R1mSLjVetH33sZqadyTk7S\nFVwAlseq4EaTVna8E2nLciwH9WQgN35eK+6jiHQedbV3fTTuxGLYgI3gMTSDDWRB\nHgEzklkCgYEA4uob4DHujvJeQOn8RKxU4R0LOa4FU3tC08OxhFk3GE81r3cq0XQP\nDSk5qTBeJZ//J0Lqqmx47xP+nwnhk0zX6E4fDe6PDk6GBTIFFTPXnPGcjhPmwl5q\n+At1t+NFUDQ6nijZF2zMo0UgyTgbaEjmFO1gI8krXO8yaFOGbzqbCZkCgYEAyQ0+\nEawYOo/E41B495315hdR+lHNwN0auplpuYnEDykvamdtp+GQIwGrAiKmdx75RMyd\n6OfQEQW8bK8omMjo6v/IFyzhfLbLaYbDHTi2XJBiIcOkSDE2Hx0dS5ZKeONDkBPC\nlc6EPhpc8o9pNFgnH1m18tLVhufvhdzHqiSkit0CgYEA0aapgLfBiNNH4EQPr0dl\n2OOjxnQRObNt6Agr0HM5Yz10BZ1ds02+xlMrkjU9Fxg/f3/lHva/uWzI2RohD550\n8Y6URKQACqDkVJKFfbR7ZucY1XBvyW/A91JnPjI+jT7kVdK52VnNrKAnDaLIN876\nvaUgKZApf2EFOrzJPaVxLykCgYA8VjEOdKtAx+y6m2fySAGH7++2Q96PxstCvM+x\n0tp4AlAsiqWqAFOVbea4WVXD4hPExfON9iPHOAV4SIjScVkVTXXrHpj9KI6bOMpN\ndrujw+DvaRtgXwRzCfXEvXHUHcAk+QkolDWzvY2vbcKQ5vO2wOGN4iAawHhtn/h7\n40tOMQKBgQC2YuGedHYlaWeofkKJO3oQVrCyzYC9sGciHid6bHUqjODgjMDwMb/9\nHq2Uz6e6/C8z7/bzQRH/u1Mh63MN2ON5YKm/fBOsEu1FVTyDL2yp8gGxvxxhE5sf\nIa8+NdwD5cB3V6uiaWCzEUS81Qjs02usVLHyMJqnrcG4AIsv67wjCw==\n-----END RSA PRIVATE KEY-----\n",
            "content_base64": null,
            "content_base64sha256": "adaDOCug2WF0A44EHLJ0ZpqoOizgzWevD0lwLOOmY+s=",
            "content_base64sha512": "Aepg1Z7vYhpbkF3GV2aFKAbsegSGiFCrUTS9OjgjIBezqIm6yDeDtABLKkvnnoOOE0Fbk3BO8Z5+Na1SnHcDGQ==",
            "content_md5": "7fb7966adb02bf321d630000a10edd14",
            "content_sha1": "0d8b062a543df4b82b5137ccf60bf7248d678d3e",
            "content_sha256": "69d683382ba0d96174038e041cb274669aa83a2ce0cd67af0f49702ce3a663eb",
            "content_sha512": "01ea60d59eef621a5b905dc65766852806ec7a04868850ab5134bd3a38232017b3a889bac83783b4004b2a4be79e838e13415b93704ef19e7e35ad529c770319",
            "directory_permission": "0777",
            "file_permission": "0400",
            "filename": "$downloads/acceskey.pem",
            "id": "0d8b062a543df4b82b5137ccf60bf7248d678d3e",
            "sensitive_content": null,
            "source": null
          },
          "sensitive_attributes": [
            [
              {
                "type": "get_attr",
                "value": "content"
              }
            ],
            [
              {
                "type": "get_attr",
                "value": "sensitive_content"
              }
            ]
          ],
          "identity_schema_version": 0,
          "dependencies": [
            "tls_private_key.acceskey"
          ]
        }
      ]
    },
    {
      "mode": "managed",
      "type": "tls_private_key",
      "name": "acceskey",
      "provider": "provider[\"registry.terraform.io/hashicorp/tls\"]",
      "instances": [
        {
          "schema_version": 1,
          "attributes": {
            "algorithm": "RSA",
            "ecdsa_curve": "P224",
            "id": "ab94b8a4c04d689d5d15f0a0f2f80974bd38d516",
            "private_key_openssh": "-----BEGIN OPENSSH PRIVATE KEY-----\nb3BlbnNzaC1rZXktdjEAAAAABG5vbmUAAAAEbm9uZQAAAAAAAAABAAABFwAAAAdz\nc2gtcnNhAAAAAwEAAQAAAQEAsjWMys5twepd8gAl3VyU6tI4pSmveQ3ww0UJM12V\nuAVDtjKmPy3ajKYN0KaFXJtpVEPMRfwY34XeX4l/da4mNG5Zx9OSfxpalU14abp9\nIHTjZcFW0DybXWojRJhhT6ahuCb7rWed9Gv/QSeozeRhcD5KLiCvgYmFT38Dang6\ny+XMU0mOv6/f7boCemUI4ghgDLNDHmWyJQgK+Vh1mDe+GbuLm1mjMyaygnTLbPlo\nklu7UZBhhHrF1euO+9qNeGbX5Zz3RC3HFOZdircjF5wFy59UndbaCosJ1cmYK/mV\nu2O8aUiS92bhOX3AJ1MiDVD6CiBPx1Cf6aYF+Kri1QfDFQAAA7hS34iuUt+IrgAA\nAAdzc2gtcnNhAAABAQCyNYzKzm3B6l3yACXdXJTq0jilKa95DfDDRQkzXZW4BUO2\nMqY/LdqMpg3QpoVcm2lUQ8xF/Bjfhd5fiX91riY0blnH05J/GlqVTXhpun0gdONl\nwVbQPJtdaiNEmGFPpqG4JvutZ530a/9BJ6jN5GFwPkouIK+BiYVPfwNqeDrL5cxT\nSY6/r9/tugJ6ZQjiCGAMs0MeZbIlCAr5WHWYN74Zu4ubWaMzJrKCdMts+WiSW7tR\nkGGEesXV64772o14ZtflnPdELccU5l2KtyMXnAXLn1Sd1toKiwnVyZgr+ZW7Y7xp\nSJL3ZuE5fcAnUyINUPoKIE/HUJ/ppgX4quLVB8MVAAAAAwEAAQAAAQANWymU5pE/\nzBCj60JrO33WtpAzwrLJxBN0Exe8L4qhytU3Ecc3a3iae3SEG4LZvLURcW5dHWaA\n1B/lMaEpoPZwjgexDAiJ+Z/p2i9I30by+Ie1b97RhwVO5D5F7RS3+0FaE6PfrGkg\ncTqld7M1USVDXAvDtsPolbW1zktjfqTLdKq/MS9lEz7gq+M20AJZqgZLSnHiJPNq\nLCngLM9gyCxy5Y9rKd/5ICeS5/Sb9WaUTnhZdsvLfWN4NfuUdZki41XrR997Gamn\nck5O0hVcAJbHquBGk1Z2vBNpy3IsB/VkIDd+Xivuo4h0HnW1d3007sRi2ICN4DE0\ngw1kQR4BM5JZAAAAgQC2YuGedHYlaWeofkKJO3oQVrCyzYC9sGciHid6bHUqjODg\njMDwMb/9Hq2Uz6e6/C8z7/bzQRH/u1Mh63MN2ON5YKm/fBOsEu1FVTyDL2yp8gGx\nvxxhE5sfIa8+NdwD5cB3V6uiaWCzEUS81Qjs02usVLHyMJqnrcG4AIsv67wjCwAA\nAIEA4uob4DHujvJeQOn8RKxU4R0LOa4FU3tC08OxhFk3GE81r3cq0XQPDSk5qTBe\nJZ//J0Lqqmx47xP+nwnhk0zX6E4fDe6PDk6GBTIFFTPXnPGcjhPmwl5q+At1t+NF\nUDQ6nijZF2zMo0UgyTgbaEjmFO1gI8krXO8yaFOGbzqbCZkAAACBAMkNPhGsGDqP\nxONQePed9eYXUfpRzcDdGrqZabmJxA8pL2pnbafhkCMBqwIipnce+UTMnejn0BEF\nvGyvKJjI6Or/yBcs4Xy2y2mGwx04tlyQYiHDpEgxNh8dHUuWSnjjQ5ATwpXOhD4a\nXPKPaTRYJx9ZtfLS1Ybn74Xcx6okpIrdAAAAAAEC\n-----END OPENSSH PRIVATE KEY-----\n",
            "private_key_pem": "-----BEGIN RSA PRIVATE KEY-----\nMIIEpAIBAAKCAQEAsjWMys5twepd8gAl3VyU6tI4pSmveQ3ww0UJM12VuAVDtjKm\nPy3ajKYN0KaFXJtpVEPMRfwY34XeX4l/da4mNG5Zx9OSfxpalU14abp9IHTjZcFW\n0DybXWojRJhhT6ahuCb7rWed9Gv/QSeozeRhcD5KLiCvgYmFT38Dang6y+XMU0mO\nv6/f7boCemUI4ghgDLNDHmWyJQgK+Vh1mDe+GbuLm1mjMyaygnTLbPloklu7UZBh\nhHrF1euO+9qNeGbX5Zz3RC3HFOZdircjF5wFy59UndbaCosJ1cmYK/mVu2O8aUiS\n92bhOX3AJ1MiDVD6CiBPx1Cf6aYF+Kri1QfDFQIDAQABAoIBAA1bKZTmkT/MEKPr\nQms7fda2kDPCssnEE3QTF7wviqHK1TcRxzdreJp7dIQbgtm8tRFxbl0dZoDUH+Ux\noSmg9nCOB7EMCIn5n+naL0jfRvL4h7Vv3tGHBU7kPkXtFLf7QVoTo9+saSBxOqV3\nszVRJUNcC8O2w+iVtbXOS2N+pMt0qr8xL2UTPuCr4zbQAlmqBktKceIk82osKeAs\nz2DILHLlj2sp3/kgJ5Ln9Jv1ZpROeFl2y8t9Y3g1+5R1mSLjVetH33sZqadyTk7S\nFVwAlseq4EaTVna8E2nLciwH9WQgN35eK+6jiHQedbV3fTTuxGLYgI3gMTSDDWRB\nHgEzklkCgYEA4uob4DHujvJeQOn8RKxU4R0LOa4FU3tC08OxhFk3GE81r3cq0XQP\nDSk5qTBeJZ//J0Lqqmx47xP+nwnhk0zX6E4fDe6PDk6GBTIFFTPXnPGcjhPmwl5q\n+At1t+NFUDQ6nijZF2zMo0UgyTgbaEjmFO1gI8krXO8yaFOGbzqbCZkCgYEAyQ0+\nEawYOo/E41B495315hdR+lHNwN0auplpuYnEDykvamdtp+GQIwGrAiKmdx75RMyd\n6OfQEQW8bK8omMjo6v/IFyzhfLbLaYbDHTi2XJBiIcOkSDE2Hx0dS5ZKeONDkBPC\nlc6EPhpc8o9pNFgnH1m18tLVhufvhdzHqiSkit0CgYEA0aapgLfBiNNH4EQPr0dl\n2OOjxnQRObNt6Agr0HM5Yz10BZ1ds02+xlMrkjU9Fxg/f3/lHva/uWzI2RohD550\n8Y6URKQACqDkVJKFfbR7ZucY1XBvyW/A91JnPjI+jT7kVdK52VnNrKAnDaLIN876\nvaUgKZApf2EFOrzJPaVxLykCgYA8VjEOdKtAx+y6m2fySAGH7++2Q96PxstCvM+x\n0tp4AlAsiqWqAFOVbea4WVXD4hPExfON9iPHOAV4SIjScVkVTXXrHpj9KI6bOMpN\ndrujw+DvaRtgXwRzCfXEvXHUHcAk+QkolDWzvY2vbcKQ5vO2wOGN4iAawHhtn/h7\n40tOMQKBgQC2YuGedHYlaWeofkKJO3oQVrCyzYC9sGciHid6bHUqjODgjMDwMb/9\nHq2Uz6e6/C8z7/bzQRH/u1Mh63MN2ON5YKm/fBOsEu1FVTyDL2yp8gGxvxxhE5sf\nIa8+NdwD5cB3V6uiaWCzEUS81Qjs02usVLHyMJqnrcG4AIsv67wjCw==\n-----END RSA PRIVATE KEY-----\n",
            "private_key_pem_pkcs8": "-----BEGIN PRIVATE KEY-----\nMIIEvgIBADANBgkqhkiG9w0BAQEFAASCBKgwggSkAgEAAoIBAQCyNYzKzm3B6l3y\nACXdXJTq0jilKa95DfDDRQkzXZW4BUO2MqY/LdqMpg3QpoVcm2lUQ8xF/Bjfhd5f\niX91riY0blnH05J/GlqVTXhpun0gdONlwVbQPJtdaiNEmGFPpqG4JvutZ530a/9B\nJ6jN5GFwPkouIK+BiYVPfwNqeDrL5cxTSY6/r9/tugJ6ZQjiCGAMs0MeZbIlCAr5\nWHWYN74Zu4ubWaMzJrKCdMts+WiSW7tRkGGEesXV64772o14ZtflnPdELccU5l2K\ntyMXnAXLn1Sd1toKiwnVyZgr+ZW7Y7xpSJL3ZuE5fcAnUyINUPoKIE/HUJ/ppgX4\nquLVB8MVAgMBAAECggEADVsplOaRP8wQo+tCazt91raQM8KyycQTdBMXvC+KocrV\nNxHHN2t4mnt0hBuC2by1EXFuXR1mgNQf5TGhKaD2cI4HsQwIifmf6dovSN9G8viH\ntW/e0YcFTuQ+Re0Ut/tBWhOj36xpIHE6pXezNVElQ1wLw7bD6JW1tc5LY36ky3Sq\nvzEvZRM+4KvjNtACWaoGS0px4iTzaiwp4CzPYMgscuWPaynf+SAnkuf0m/VmlE54\nWXbLy31jeDX7lHWZIuNV60ffexmpp3JOTtIVXACWx6rgRpNWdrwTactyLAf1ZCA3\nfl4r7qOIdB51tXd9NO7EYtiAjeAxNIMNZEEeATOSWQKBgQDi6hvgMe6O8l5A6fxE\nrFThHQs5rgVTe0LTw7GEWTcYTzWvdyrRdA8NKTmpMF4ln/8nQuqqbHjvE/6fCeGT\nTNfoTh8N7o8OToYFMgUVM9ec8ZyOE+bCXmr4C3W340VQNDqeKNkXbMyjRSDJOBto\nSOYU7WAjyStc7zJoU4ZvOpsJmQKBgQDJDT4RrBg6j8TjUHj3nfXmF1H6Uc3A3Rq6\nmWm5icQPKS9qZ22n4ZAjAasCIqZ3HvlEzJ3o59ARBbxsryiYyOjq/8gXLOF8tstp\nhsMdOLZckGIhw6RIMTYfHR1Llkp440OQE8KVzoQ+Glzyj2k0WCcfWbXy0tWG5++F\n3MeqJKSK3QKBgQDRpqmAt8GI00fgRA+vR2XY46PGdBE5s23oCCvQczljPXQFnV2z\nTb7GUyuSNT0XGD9/f+Ue9r+5bMjZGiEPnnTxjpREpAAKoORUkoV9tHtm5xjVcG/J\nb8D3Umc+Mj6NPuRV0rnZWc2soCcNosg3zvq9pSApkCl/YQU6vMk9pXEvKQKBgDxW\nMQ50q0DH7LqbZ/JIAYfv77ZD3o/Gy0K8z7HS2ngCUCyKpaoAU5Vt5rhZVcPiE8TF\n8432I8c4BXhIiNJxWRVNdesemP0ojps4yk12u6PD4O9pG2BfBHMJ9cS9cdQdwCT5\nCSiUNbO9ja9twpDm87bA4Y3iIBrAeG2f+HvjS04xAoGBALZi4Z50diVpZ6h+Qok7\nehBWsLLNgL2wZyIeJ3psdSqM4OCMwPAxv/0erZTPp7r8LzPv9vNBEf+7UyHrcw3Y\n43lgqb98E6wS7UVVPIMvbKnyAbG/HGETmx8hrz413APlwHdXq6JpYLMRRLzVCOzT\na6xUsfIwmqetwbgAiy/rvCML\n-----END PRIVATE KEY-----\n",
            "public_key_fingerprint_md5": "88:b3:66:9d:79:c1:46:60:2a:00:93:9e:c5:54:35:f8",
            "public_key_fingerprint_sha256": "SHA256:Cw8euzQH5X61gPzu0DfwX4NfsRWm3eYvEdCbVioowxM",
            "public_key_openssh": "ssh-rsa AAAAB3NzaC1yc2EAAAADAQABAAABAQCyNYzKzm3B6l3yACXdXJTq0jilKa95DfDDRQkzXZW4BUO2MqY/LdqMpg3QpoVcm2lUQ8xF/Bjfhd5fiX91riY0blnH05J/GlqVTXhpun0gdONlwVbQPJtdaiNEmGFPpqG4JvutZ530a/9BJ6jN5GFwPkouIK+BiYVPfwNqeDrL5cxTSY6/r9/tugJ6ZQjiCGAMs0MeZbIlCAr5WHWYN74Zu4ubWaMzJrKCdMts+WiSW7tRkGGEesXV64772o14ZtflnPdELccU5l2KtyMXnAXLn1Sd1toKiwnVyZgr+ZW7Y7xpSJL3ZuE5fcAnUyINUPoKIE/HUJ/ppgX4quLVB8MV\n",
            "public_key_pem": "-----BEGIN PUBLIC KEY-----\nMIIBIjANBgkqhkiG9w0BAQEFAAOCAQ8AMIIBCgKCAQEAsjWMys5twepd8gAl3VyU\n6tI4pSmveQ3ww0UJM12VuAVDtjKmPy3ajKYN0KaFXJtpVEPMRfwY34XeX4l/da4m\nNG5Zx9OSfxpalU14abp9IHTjZcFW0DybXWojRJhhT6ahuCb7rWed9Gv/QSeozeRh\ncD5KLiCvgYmFT38Dang6y+XMU0mOv6/f7boCemUI4ghgDLNDHmWyJQgK+Vh1mDe+\nGbuLm1mjMyaygnTLbPloklu7UZBhhHrF1euO+9qNeGbX5Zz3RC3HFOZdircjF5wF\ny59UndbaCosJ1cmYK/mVu2O8aUiS92bhOX3AJ1MiDVD6CiBPx1Cf6aYF+Kri1QfD\nFQIDAQAB\n-----END PUBLIC KEY-----\n",
            "rsa_bits": 2048
          },
          "sensitive_attributes": [
            [
              {
                "type": "get_attr",
                "value": "private_key_openssh"
              }
            ],
            [
              {
                "type": "get_attr",
                "value": "private_key_pem"
              }
            ],
            [
              {
                "type": "get_attr",
                "value": "private_key_pem_pkcs8"
              }
            ]
          ],
          "identity_schema_version": 0
        }
      ]
    }
  ],
  "check_results": null
}
